
Microsoft Visual Studio Solution File, Format Version 12.00
# Visual Studio Version 17
VisualStudioVersion = 17.11.35312.102
MinimumVisualStudioVersion = 10.0.40219.1
Project("{FAE04EC0-301F-11D3-BF4B-00C04F79EFBC}") = "Классы и объекты", "Классы и объекты\Классы и объекты.csproj", "{C24E75C2-71E9-4EF4-AD9B-8935F173E9ED}"
EndProject
Global
	GlobalSection(SolutionConfigurationPlatforms) = preSolution
		Debug|Any CPU = Debug|Any CPU
		Release|Any CPU = Release|Any CPU
	EndGlobalSection
	GlobalSection(ProjectConfigurationPlatforms) = postSolution
		{C24E75C2-71E9-4EF4-AD9B-8935F173E9ED}.Debug|Any CPU.ActiveCfg = Debug|Any CPU
		{C24E75C2-71E9-4EF4-AD9B-8935F173E9ED}.Debug|Any CPU.Build.0 = Debug|Any CPU
		{C24E75C2-71E9-4EF4-AD9B-8935F173E9ED}.Release|Any CPU.ActiveCfg = Release|Any CPU
		{C24E75C2-71E9-4EF4-AD9B-8935F173E9ED}.Release|Any CPU.Build.0 = Release|Any CPU
	EndGlobalSection
	GlobalSection(SolutionProperties) = preSolution
		HideSolutionNode = FALSE
	EndGlobalSection
	GlobalSection(ExtensibilityGlobals) = postSolution
		SolutionGuid = {33195840-CC40-4F74-9C76-C90D35B2DE88}
	EndGlobalSection
EndGlobal
